{
    "version": 3,
    "terraform_version": "0.11.7",
    "serial": 7,
    "lineage": "7e743b5d-0f50-842d-75ed-353e40c072fa",
    "modules": [
        {
            "path": [
                "root"
            ],
            "outputs": {},
            "resources": {
                "aws_eip.nat.0": {
                    "type": "aws_eip",
                    "depends_on": [
                        "aws_internet_gateway.public"
                    ],
                    "primary": {
                        "id": "eipalloc-0c2df01828130bb12",
                        "attributes": {
                            "association_id": "eipassoc-551326ed",
                            "domain": "vpc",
                            "id": "eipalloc-0c2df01828130bb12",
                            "instance": "",
                            "network_interface": "eni-0f1dfd4f2687b53bd",
                            "private_ip": "10.99.10.237",
                            "public_ip": "3.82.83.86",
                            "public_ipv4_pool": "amazon",
                            "tags.%": "0",
                            "vpc": "true"
                        },
                        "meta": {
                            "e2bfb730-ecaa-11e6-8f88-34363bc7c4c0": {
                                "delete": 180000000000,
                                "read": 900000000000,
                                "update": 300000000000
                            }
                        },
                        "tainted": false
                    },
                    "deposed": [],
                    "provider": "provider.aws"
                },
                "aws_eip.nat.1": {
                    "type": "aws_eip",
                    "depends_on": [
                        "aws_internet_gateway.public"
                    ],
                    "primary": {
                        "id": "eipalloc-00e43a95aa076bcb5",
                        "attributes": {
                            "association_id": "eipassoc-e6618d3b",
                            "domain": "vpc",
                            "id": "eipalloc-00e43a95aa076bcb5",
                            "instance": "",
                            "network_interface": "eni-0b4ef1a1bf7b60f24",
                            "private_ip": "10.99.24.179",
                            "public_ip": "3.93.26.76",
                            "public_ipv4_pool": "amazon",
                            "tags.%": "0",
                            "vpc": "true"
                        },
                        "meta": {
                            "e2bfb730-ecaa-11e6-8f88-34363bc7c4c0": {
                                "delete": 180000000000,
                                "read": 900000000000,
                                "update": 300000000000
                            }
                        },
                        "tainted": false
                    },
                    "deposed": [],
                    "provider": "provider.aws"
                },
                "aws_eip.nat.2": {
                    "type": "aws_eip",
                    "depends_on": [
                        "aws_internet_gateway.public"
                    ],
                    "primary": {
                        "id": "eipalloc-0ecc04874b157b0e8",
                        "attributes": {
                            "association_id": "eipassoc-1ddfe4b6",
                            "domain": "vpc",
                            "id": "eipalloc-0ecc04874b157b0e8",
                            "instance": "",
                            "network_interface": "eni-09e38998df5df275a",
                            "private_ip": "10.99.33.50",
                            "public_ip": "52.70.106.153",
                            "public_ipv4_pool": "amazon",
                            "tags.%": "0",
                            "vpc": "true"
                        },
                        "meta": {
                            "e2bfb730-ecaa-11e6-8f88-34363bc7c4c0": {
                                "delete": 180000000000,
                                "read": 900000000000,
                                "update": 300000000000
                            }
                        },
                        "tainted": false
                    },
                    "deposed": [],
                    "provider": "provider.aws"
                },
                "aws_instance.katabox": {
                    "type": "aws_instance",
                    "depends_on": [
                        "aws_subnet.public.*",
                        "data.aws_security_group.kata"
                    ],
                    "primary": {
                        "id": "i-006b727db159458b7",
                        "attributes": {
                            "ami": "ami-08b8af1c94b41235d",
                            "arn": "arn:aws:ec2:us-east-1:240961348873:instance/i-006b727db159458b7",
                            "associate_public_ip_address": "false",
                            "availability_zone": "us-east-1a",
                            "cpu_core_count": "1",
                            "cpu_threads_per_core": "1",
                            "credit_specification.#": "1",
                            "credit_specification.0.cpu_credits": "standard",
                            "disable_api_termination": "false",
                            "ebs_block_device.#": "0",
                            "ebs_optimized": "false",
                            "ephemeral_block_device.#": "0",
                            "get_password_data": "false",
                            "iam_instance_profile": "",
                            "id": "i-006b727db159458b7",
                            "instance_state": "running",
                            "instance_type": "t2.micro",
                            "ipv6_addresses.#": "0",
                            "key_name": "tgroshon",
                            "monitoring": "false",
                            "network_interface.#": "0",
                            "network_interface_id": "eni-06c39a3edb838edd3",
                            "password_data": "",
                            "placement_group": "",
                            "primary_network_interface_id": "eni-06c39a3edb838edd3",
                            "private_dns": "ip-10-99-9-174.ec2.internal",
                            "private_ip": "10.99.9.174",
                            "public_dns": "",
                            "public_ip": "",
                            "root_block_device.#": "1",
                            "root_block_device.0.delete_on_termination": "true",
                            "root_block_device.0.iops": "100",
                            "root_block_device.0.volume_id": "vol-0e993c14a1c3262cb",
                            "root_block_device.0.volume_size": "8",
                            "root_block_device.0.volume_type": "gp2",
                            "security_groups.#": "0",
                            "source_dest_check": "true",
                            "subnet_id": "subnet-0bf04b4da2b33123f",
                            "tags.%": "1",
                            "tags.Name": "FuzeKataBox",
                            "tenancy": "default",
                            "volume_tags.%": "0",
                            "vpc_security_group_ids.#": "1",
                            "vpc_security_group_ids.1181534398": "sg-0353c0a46f3f372b6"
                        },
                        "meta": {
                            "e2bfb730-ecaa-11e6-8f88-34363bc7c4c0": {
                                "create": 600000000000,
                                "delete": 1200000000000,
                                "update": 600000000000
                            },
                            "schema_version": "1"
                        },
                        "tainted": false
                    },
                    "deposed": [],
                    "provider": "provider.aws"
                },
                "aws_internet_gateway.public": {
                    "type": "aws_internet_gateway",
                    "depends_on": [
                        "aws_vpc.main"
                    ],
                    "primary": {
                        "id": "igw-0b099032820eb00a8",
                        "attributes": {
                            "id": "igw-0b099032820eb00a8",
                            "owner_id": "240961348873",
                            "tags.%": "1",
                            "tags.Name": "fuzenet IGW",
                            "vpc_id": "vpc-07e4a9026e09d2b0a"
                        },
                        "meta": {},
                        "tainted": false
                    },
                    "deposed": [],
                    "provider": "provider.aws"
                },
                "aws_nat_gateway.nat.0": {
                    "type": "aws_nat_gateway",
                    "depends_on": [
                        "aws_eip.nat.*",
                        "aws_internet_gateway.public",
                        "aws_subnet.public.*"
                    ],
                    "primary": {
                        "id": "nat-01d9016af2d922381",
                        "attributes": {
                            "allocation_id": "eipalloc-0c2df01828130bb12",
                            "id": "nat-01d9016af2d922381",
                            "network_interface_id": "eni-0f1dfd4f2687b53bd",
                            "private_ip": "10.99.10.237",
                            "public_ip": "3.82.83.86",
                            "subnet_id": "subnet-0bf04b4da2b33123f",
                            "tags.%": "0"
                        },
                        "meta": {},
                        "tainted": false
                    },
                    "deposed": [],
                    "provider": "provider.aws"
                },
                "aws_nat_gateway.nat.1": {
                    "type": "aws_nat_gateway",
                    "depends_on": [
                        "aws_eip.nat.*",
                        "aws_internet_gateway.public",
                        "aws_subnet.public.*"
                    ],
                    "primary": {
                        "id": "nat-0cfc4b26465c34968",
                        "attributes": {
                            "allocation_id": "eipalloc-00e43a95aa076bcb5",
                            "id": "nat-0cfc4b26465c34968",
                            "network_interface_id": "eni-0b4ef1a1bf7b60f24",
                            "private_ip": "10.99.24.179",
                            "public_ip": "3.93.26.76",
                            "subnet_id": "subnet-08932842cb9526b3d",
                            "tags.%": "0"
                        },
                        "meta": {},
                        "tainted": false
                    },
                    "deposed": [],
                    "provider": "provider.aws"
                },
                "aws_nat_gateway.nat.2": {
                    "type": "aws_nat_gateway",
                    "depends_on": [
                        "aws_eip.nat.*",
                        "aws_internet_gateway.public",
                        "aws_subnet.public.*"
                    ],
                    "primary": {
                        "id": "nat-0055d26bb1291246b",
                        "attributes": {
                            "allocation_id": "eipalloc-0ecc04874b157b0e8",
                            "id": "nat-0055d26bb1291246b",
                            "network_interface_id": "eni-09e38998df5df275a",
                            "private_ip": "10.99.33.50",
                            "public_ip": "52.70.106.153",
                            "subnet_id": "subnet-056605ecd5c481506",
                            "tags.%": "0"
                        },
                        "meta": {},
                        "tainted": false
                    },
                    "deposed": [],
                    "provider": "provider.aws"
                },
                "aws_route_table.private.0": {
                    "type": "aws_route_table",
                    "depends_on": [
                        "aws_nat_gateway.nat.*",
                        "aws_vpc.main",
                        "data.aws_availability_zones.available"
                    ],
                    "primary": {
                        "id": "rtb-0a220a93a8bd10a0b",
                        "attributes": {
                            "id": "rtb-0a220a93a8bd10a0b",
                            "owner_id": "240961348873",
                            "propagating_vgws.#": "0",
                            "route.#": "1",
                            "route.3952134873.cidr_block": "0.0.0.0/0",
                            "route.3952134873.egress_only_gateway_id": "",
                            "route.3952134873.gateway_id": "",
                            "route.3952134873.instance_id": "",
                            "route.3952134873.ipv6_cidr_block": "",
                            "route.3952134873.nat_gateway_id": "nat-01d9016af2d922381",
                            "route.3952134873.network_interface_id": "",
                            "route.3952134873.transit_gateway_id": "",
                            "route.3952134873.vpc_peering_connection_id": "",
                            "tags.%": "1",
                            "tags.Name": "us-east-1a private",
                            "vpc_id": "vpc-07e4a9026e09d2b0a"
                        },
                        "meta": {},
                        "tainted": false
                    },
                    "deposed": [],
                    "provider": "provider.aws"
                },
                "aws_route_table.private.1": {
                    "type": "aws_route_table",
                    "depends_on": [
                        "aws_nat_gateway.nat.*",
                        "aws_vpc.main",
                        "data.aws_availability_zones.available"
                    ],
                    "primary": {
                        "id": "rtb-0f2d3843398e71a7c",
                        "attributes": {
                            "id": "rtb-0f2d3843398e71a7c",
                            "owner_id": "240961348873",
                            "propagating_vgws.#": "0",
                            "route.#": "1",
                            "route.1676995500.cidr_block": "0.0.0.0/0",
                            "route.1676995500.egress_only_gateway_id": "",
                            "route.1676995500.gateway_id": "",
                            "route.1676995500.instance_id": "",
                            "route.1676995500.ipv6_cidr_block": "",
                            "route.1676995500.nat_gateway_id": "nat-0cfc4b26465c34968",
                            "route.1676995500.network_interface_id": "",
                            "route.1676995500.transit_gateway_id": "",
                            "route.1676995500.vpc_peering_connection_id": "",
                            "tags.%": "1",
                            "tags.Name": "us-east-1b private",
                            "vpc_id": "vpc-07e4a9026e09d2b0a"
                        },
                        "meta": {},
                        "tainted": false
                    },
                    "deposed": [],
                    "provider": "provider.aws"
                },
                "aws_route_table.private.2": {
                    "type": "aws_route_table",
                    "depends_on": [
                        "aws_nat_gateway.nat.*",
                        "aws_vpc.main",
                        "data.aws_availability_zones.available"
                    ],
                    "primary": {
                        "id": "rtb-03f671a8bfdb49cdd",
                        "attributes": {
                            "id": "rtb-03f671a8bfdb49cdd",
                            "owner_id": "240961348873",
                            "propagating_vgws.#": "0",
                            "route.#": "1",
                            "route.3920620705.cidr_block": "0.0.0.0/0",
                            "route.3920620705.egress_only_gateway_id": "",
                            "route.3920620705.gateway_id": "",
                            "route.3920620705.instance_id": "",
                            "route.3920620705.ipv6_cidr_block": "",
                            "route.3920620705.nat_gateway_id": "nat-0055d26bb1291246b",
                            "route.3920620705.network_interface_id": "",
                            "route.3920620705.transit_gateway_id": "",
                            "route.3920620705.vpc_peering_connection_id": "",
                            "tags.%": "1",
                            "tags.Name": "us-east-1c private",
                            "vpc_id": "vpc-07e4a9026e09d2b0a"
                        },
                        "meta": {},
                        "tainted": false
                    },
                    "deposed": [],
                    "provider": "provider.aws"
                },
                "aws_route_table.public": {
                    "type": "aws_route_table",
                    "depends_on": [
                        "aws_internet_gateway.public",
                        "aws_vpc.main"
                    ],
                    "primary": {
                        "id": "rtb-0a5f29cda710b073d",
                        "attributes": {
                            "id": "rtb-0a5f29cda710b073d",
                            "owner_id": "240961348873",
                            "propagating_vgws.#": "0",
                            "route.#": "1",
                            "route.68356314.cidr_block": "0.0.0.0/0",
                            "route.68356314.egress_only_gateway_id": "",
                            "route.68356314.gateway_id": "igw-0b099032820eb00a8",
                            "route.68356314.instance_id": "",
                            "route.68356314.ipv6_cidr_block": "",
                            "route.68356314.nat_gateway_id": "",
                            "route.68356314.network_interface_id": "",
                            "route.68356314.transit_gateway_id": "",
                            "route.68356314.vpc_peering_connection_id": "",
                            "tags.%": "1",
                            "tags.Name": "all public subnets",
                            "vpc_id": "vpc-07e4a9026e09d2b0a"
                        },
                        "meta": {},
                        "tainted": false
                    },
                    "deposed": [],
                    "provider": "provider.aws"
                },
                "aws_route_table_association.private.0": {
                    "type": "aws_route_table_association",
                    "depends_on": [
                        "aws_route_table.private.*",
                        "aws_subnet.private.*"
                    ],
                    "primary": {
                        "id": "rtbassoc-0aa12f00dcffb3627",
                        "attributes": {
                            "id": "rtbassoc-0aa12f00dcffb3627",
                            "route_table_id": "rtb-0a220a93a8bd10a0b",
                            "subnet_id": "subnet-0e9e3d51bf1ff865c"
                        },
                        "meta": {},
                        "tainted": false
                    },
                    "deposed": [],
                    "provider": "provider.aws"
                },
                "aws_route_table_association.private.1": {
                    "type": "aws_route_table_association",
                    "depends_on": [
                        "aws_route_table.private.*",
                        "aws_subnet.private.*"
                    ],
                    "primary": {
                        "id": "rtbassoc-0b10b6391486f9ab3",
                        "attributes": {
                            "id": "rtbassoc-0b10b6391486f9ab3",
                            "route_table_id": "rtb-0f2d3843398e71a7c",
                            "subnet_id": "subnet-07be8d7130d48263e"
                        },
                        "meta": {},
                        "tainted": false
                    },
                    "deposed": [],
                    "provider": "provider.aws"
                },
                "aws_route_table_association.private.2": {
                    "type": "aws_route_table_association",
                    "depends_on": [
                        "aws_route_table.private.*",
                        "aws_subnet.private.*"
                    ],
                    "primary": {
                        "id": "rtbassoc-05af87ae2d762aa6f",
                        "attributes": {
                            "id": "rtbassoc-05af87ae2d762aa6f",
                            "route_table_id": "rtb-03f671a8bfdb49cdd",
                            "subnet_id": "subnet-034a72c65af66436e"
                        },
                        "meta": {},
                        "tainted": false
                    },
                    "deposed": [],
                    "provider": "provider.aws"
                },
                "aws_route_table_association.public.0": {
                    "type": "aws_route_table_association",
                    "depends_on": [
                        "aws_route_table.public",
                        "aws_subnet.public.*"
                    ],
                    "primary": {
                        "id": "rtbassoc-06c9bb3d9a27a9aed",
                        "attributes": {
                            "id": "rtbassoc-06c9bb3d9a27a9aed",
                            "route_table_id": "rtb-0a5f29cda710b073d",
                            "subnet_id": "subnet-0bf04b4da2b33123f"
                        },
                        "meta": {},
                        "tainted": false
                    },
                    "deposed": [],
                    "provider": "provider.aws"
                },
                "aws_route_table_association.public.1": {
                    "type": "aws_route_table_association",
                    "depends_on": [
                        "aws_route_table.public",
                        "aws_subnet.public.*"
                    ],
                    "primary": {
                        "id": "rtbassoc-0c9466eae41234107",
                        "attributes": {
                            "id": "rtbassoc-0c9466eae41234107",
                            "route_table_id": "rtb-0a5f29cda710b073d",
                            "subnet_id": "subnet-08932842cb9526b3d"
                        },
                        "meta": {},
                        "tainted": false
                    },
                    "deposed": [],
                    "provider": "provider.aws"
                },
                "aws_route_table_association.public.2": {
                    "type": "aws_route_table_association",
                    "depends_on": [
                        "aws_route_table.public",
                        "aws_subnet.public.*"
                    ],
                    "primary": {
                        "id": "rtbassoc-05819f129c01f421f",
                        "attributes": {
                            "id": "rtbassoc-05819f129c01f421f",
                            "route_table_id": "rtb-0a5f29cda710b073d",
                            "subnet_id": "subnet-056605ecd5c481506"
                        },
                        "meta": {},
                        "tainted": false
                    },
                    "deposed": [],
                    "provider": "provider.aws"
                },
                "aws_subnet.private.0": {
                    "type": "aws_subnet",
                    "depends_on": [
                        "aws_vpc.main",
                        "data.aws_availability_zones.available"
                    ],
                    "primary": {
                        "id": "subnet-0e9e3d51bf1ff865c",
                        "attributes": {
                            "arn": "arn:aws:ec2:us-east-1:240961348873:subnet/subnet-0e9e3d51bf1ff865c",
                            "assign_ipv6_address_on_creation": "false",
                            "availability_zone": "us-east-1a",
                            "availability_zone_id": "use1-az2",
                            "cidr_block": "10.99.64.0/18",
                            "id": "subnet-0e9e3d51bf1ff865c",
                            "ipv6_cidr_block": "",
                            "ipv6_cidr_block_association_id": "",
                            "map_public_ip_on_launch": "false",
                            "owner_id": "240961348873",
                            "tags.%": "2",
                            "tags.Name": "us-east-1a private",
                            "tags.Tier": "private",
                            "vpc_id": "vpc-07e4a9026e09d2b0a"
                        },
                        "meta": {
                            "e2bfb730-ecaa-11e6-8f88-34363bc7c4c0": {
                                "create": 600000000000,
                                "delete": 600000000000
                            },
                            "schema_version": "1"
                        },
                        "tainted": false
                    },
                    "deposed": [],
                    "provider": "provider.aws"
                },
                "aws_subnet.private.1": {
                    "type": "aws_subnet",
                    "depends_on": [
                        "aws_vpc.main",
                        "data.aws_availability_zones.available"
                    ],
                    "primary": {
                        "id": "subnet-07be8d7130d48263e",
                        "attributes": {
                            "arn": "arn:aws:ec2:us-east-1:240961348873:subnet/subnet-07be8d7130d48263e",
                            "assign_ipv6_address_on_creation": "false",
                            "availability_zone": "us-east-1b",
                            "availability_zone_id": "use1-az4",
                            "cidr_block": "10.99.128.0/18",
                            "id": "subnet-07be8d7130d48263e",
                            "ipv6_cidr_block": "",
                            "ipv6_cidr_block_association_id": "",
                            "map_public_ip_on_launch": "false",
                            "owner_id": "240961348873",
                            "tags.%": "2",
                            "tags.Name": "us-east-1b private",
                            "tags.Tier": "private",
                            "vpc_id": "vpc-07e4a9026e09d2b0a"
                        },
                        "meta": {
                            "e2bfb730-ecaa-11e6-8f88-34363bc7c4c0": {
                                "create": 600000000000,
                                "delete": 600000000000
                            },
                            "schema_version": "1"
                        },
                        "tainted": false
                    },
                    "deposed": [],
                    "provider": "provider.aws"
                },
                "aws_subnet.private.2": {
                    "type": "aws_subnet",
                    "depends_on": [
                        "aws_vpc.main",
                        "data.aws_availability_zones.available"
                    ],
                    "primary": {
                        "id": "subnet-034a72c65af66436e",
                        "attributes": {
                            "arn": "arn:aws:ec2:us-east-1:240961348873:subnet/subnet-034a72c65af66436e",
                            "assign_ipv6_address_on_creation": "false",
                            "availability_zone": "us-east-1c",
                            "availability_zone_id": "use1-az6",
                            "cidr_block": "10.99.192.0/18",
                            "id": "subnet-034a72c65af66436e",
                            "ipv6_cidr_block": "",
                            "ipv6_cidr_block_association_id": "",
                            "map_public_ip_on_launch": "false",
                            "owner_id": "240961348873",
                            "tags.%": "2",
                            "tags.Name": "us-east-1c private",
                            "tags.Tier": "private",
                            "vpc_id": "vpc-07e4a9026e09d2b0a"
                        },
                        "meta": {
                            "e2bfb730-ecaa-11e6-8f88-34363bc7c4c0": {
                                "create": 600000000000,
                                "delete": 600000000000
                            },
                            "schema_version": "1"
                        },
                        "tainted": false
                    },
                    "deposed": [],
                    "provider": "provider.aws"
                },
                "aws_subnet.public.0": {
                    "type": "aws_subnet",
                    "depends_on": [
                        "aws_vpc.main",
                        "data.aws_availability_zones.available"
                    ],
                    "primary": {
                        "id": "subnet-0bf04b4da2b33123f",
                        "attributes": {
                            "arn": "arn:aws:ec2:us-east-1:240961348873:subnet/subnet-0bf04b4da2b33123f",
                            "assign_ipv6_address_on_creation": "false",
                            "availability_zone": "us-east-1a",
                            "availability_zone_id": "use1-az2",
                            "cidr_block": "10.99.0.0/20",
                            "id": "subnet-0bf04b4da2b33123f",
                            "ipv6_cidr_block": "",
                            "ipv6_cidr_block_association_id": "",
                            "map_public_ip_on_launch": "false",
                            "owner_id": "240961348873",
                            "tags.%": "2",
                            "tags.Name": "us-east-1a public",
                            "tags.Tier": "public",
                            "vpc_id": "vpc-07e4a9026e09d2b0a"
                        },
                        "meta": {
                            "e2bfb730-ecaa-11e6-8f88-34363bc7c4c0": {
                                "create": 600000000000,
                                "delete": 600000000000
                            },
                            "schema_version": "1"
                        },
                        "tainted": false
                    },
                    "deposed": [],
                    "provider": "provider.aws"
                },
                "aws_subnet.public.1": {
                    "type": "aws_subnet",
                    "depends_on": [
                        "aws_vpc.main",
                        "data.aws_availability_zones.available"
                    ],
                    "primary": {
                        "id": "subnet-08932842cb9526b3d",
                        "attributes": {
                            "arn": "arn:aws:ec2:us-east-1:240961348873:subnet/subnet-08932842cb9526b3d",
                            "assign_ipv6_address_on_creation": "false",
                            "availability_zone": "us-east-1b",
                            "availability_zone_id": "use1-az4",
                            "cidr_block": "10.99.16.0/20",
                            "id": "subnet-08932842cb9526b3d",
                            "ipv6_cidr_block": "",
                            "ipv6_cidr_block_association_id": "",
                            "map_public_ip_on_launch": "false",
                            "owner_id": "240961348873",
                            "tags.%": "2",
                            "tags.Name": "us-east-1b public",
                            "tags.Tier": "public",
                            "vpc_id": "vpc-07e4a9026e09d2b0a"
                        },
                        "meta": {
                            "e2bfb730-ecaa-11e6-8f88-34363bc7c4c0": {
                                "create": 600000000000,
                                "delete": 600000000000
                            },
                            "schema_version": "1"
                        },
                        "tainted": false
                    },
                    "deposed": [],
                    "provider": "provider.aws"
                },
                "aws_subnet.public.2": {
                    "type": "aws_subnet",
                    "depends_on": [
                        "aws_vpc.main",
                        "data.aws_availability_zones.available"
                    ],
                    "primary": {
                        "id": "subnet-056605ecd5c481506",
                        "attributes": {
                            "arn": "arn:aws:ec2:us-east-1:240961348873:subnet/subnet-056605ecd5c481506",
                            "assign_ipv6_address_on_creation": "false",
                            "availability_zone": "us-east-1c",
                            "availability_zone_id": "use1-az6",
                            "cidr_block": "10.99.32.0/20",
                            "id": "subnet-056605ecd5c481506",
                            "ipv6_cidr_block": "",
                            "ipv6_cidr_block_association_id": "",
                            "map_public_ip_on_launch": "false",
                            "owner_id": "240961348873",
                            "tags.%": "2",
                            "tags.Name": "us-east-1c public",
                            "tags.Tier": "public",
                            "vpc_id": "vpc-07e4a9026e09d2b0a"
                        },
                        "meta": {
                            "e2bfb730-ecaa-11e6-8f88-34363bc7c4c0": {
                                "create": 600000000000,
                                "delete": 600000000000
                            },
                            "schema_version": "1"
                        },
                        "tainted": false
                    },
                    "deposed": [],
                    "provider": "provider.aws"
                },
                "aws_vpc.main": {
                    "type": "aws_vpc",
                    "depends_on": [],
                    "primary": {
                        "id": "vpc-07e4a9026e09d2b0a",
                        "attributes": {
                            "arn": "arn:aws:ec2:us-east-1:240961348873:vpc/vpc-07e4a9026e09d2b0a",
                            "assign_generated_ipv6_cidr_block": "false",
                            "cidr_block": "10.99.0.0/16",
                            "default_network_acl_id": "acl-01412bb5bbe7e946c",
                            "default_route_table_id": "rtb-05729feb735aac45f",
                            "default_security_group_id": "sg-00188db284b119838",
                            "dhcp_options_id": "dopt-2950b34c",
                            "enable_classiclink": "false",
                            "enable_classiclink_dns_support": "false",
                            "enable_dns_hostnames": "false",
                            "enable_dns_support": "true",
                            "id": "vpc-07e4a9026e09d2b0a",
                            "instance_tenancy": "default",
                            "ipv6_association_id": "",
                            "ipv6_cidr_block": "",
                            "main_route_table_id": "rtb-05729feb735aac45f",
                            "owner_id": "240961348873",
                            "tags.%": "1",
                            "tags.Name": "fuzenet"
                        },
                        "meta": {
                            "schema_version": "1"
                        },
                        "tainted": false
                    },
                    "deposed": [],
                    "provider": "provider.aws"
                },
                "data.aws_availability_zones.available": {
                    "type": "aws_availability_zones",
                    "depends_on": [],
                    "primary": {
                        "id": "2019-01-28 14:21:48.9014187 +0000 UTC",
                        "attributes": {
                            "id": "2019-01-28 14:21:48.9014187 +0000 UTC",
                            "names.#": "6",
                            "names.0": "us-east-1a",
                            "names.1": "us-east-1b",
                            "names.2": "us-east-1c",
                            "names.3": "us-east-1d",
                            "names.4": "us-east-1e",
                            "names.5": "us-east-1f",
                            "zone_ids.#": "6",
                            "zone_ids.0": "use1-az2",
                            "zone_ids.1": "use1-az4",
                            "zone_ids.2": "use1-az6",
                            "zone_ids.3": "use1-az1",
                            "zone_ids.4": "use1-az3",
                            "zone_ids.5": "use1-az5"
                        },
                        "meta": {},
                        "tainted": false
                    },
                    "deposed": [],
                    "provider": "provider.aws"
                },
                "data.aws_security_group.kata": {
                    "type": "aws_security_group",
                    "depends_on": [],
                    "primary": {
                        "id": "sg-0353c0a46f3f372b6",
                        "attributes": {
                            "arn": "arn:aws:ec2:us-east-1:240961348873:security-group/sg-0353c0a46f3f372b6",
                            "description": "Whitelist SSH and HTTP for determined IPs",
                            "id": "sg-0353c0a46f3f372b6",
                            "name": "FuzeKata",
                            "tags.%": "0",
                            "vpc_id": "vpc-07e4a9026e09d2b0a"
                        },
                        "meta": {},
                        "tainted": false
                    },
                    "deposed": [],
                    "provider": "provider.aws"
                }
            },
            "depends_on": []
        }
    ]
}
